
Microsoft Visual Studio Solution File, Format Version 12.00
# Visual Studio 15
VisualStudioVersion = 15.0.26730.16
MinimumVisualStudioVersion = 10.0.40219.1
Project("{FAE04EC0-301F-11D3-BF4B-00C04F79EFBC}") = "Practica 4", "Practica 4\Practica 4.csproj", "{C02C305C-DDC9-4708-B082-4A95344B733A}"
EndProject
Global
	GlobalSection(SolutionConfigurationPlatforms) = preSolution
		Debug|Any CPU = Debug|Any CPU
		Release|Any CPU = Release|Any CPU
	EndGlobalSection
	GlobalSection(ProjectConfigurationPlatforms) = postSolution
		{C02C305C-DDC9-4708-B082-4A95344B733A}.Debug|Any CPU.ActiveCfg = Debug|Any CPU
		{C02C305C-DDC9-4708-B082-4A95344B733A}.Debug|Any CPU.Build.0 = Debug|Any CPU
		{C02C305C-DDC9-4708-B082-4A95344B733A}.Release|Any CPU.ActiveCfg = Release|Any CPU
		{C02C305C-DDC9-4708-B082-4A95344B733A}.Release|Any CPU.Build.0 = Release|Any CPU
	EndGlobalSection
	GlobalSection(SolutionProperties) = preSolution
		HideSolutionNode = FALSE
	EndGlobalSection
	GlobalSection(ExtensibilityGlobals) = postSolution
		SolutionGuid = {DAA4CCD5-C36D-457D-9AA3-B5BE8CDBB61D}
	EndGlobalSection
EndGlobal
